<?xml version="1.0" encoding="utf-8"?>
<Project ToolsVersion="4.0" xmlns="http://schemas.microsoft.com/developer/msbuild/2003">
  <ItemGroup>
    <Filter Include="win32">
      <UniqueIdentifier>{84a8ebd7-7cf0-47f6-b75e-d441df67da40}</UniqueIdentifier>
    </Filter>
    <Filter Include="resource">
      <UniqueIdentifier>{715254bc-d70b-4ec5-bf29-467dd3ace079}</UniqueIdentifier>
    </Filter>
    <Filter Include="src">
      <UniqueIdentifier>{bb6c862e-70e9-49d9-81b7-3829a6f50471}</UniqueIdentifier>
    </Filter>
    <Filter Include="librf">
      <UniqueIdentifier>{49f90a37-d917-4757-8e8c-0923c5662dae}</UniqueIdentifier>
    </Filter>
  </ItemGroup>
  <ItemGroup>
    <ClCompile Include="main.cpp">
      <Filter>win32</Filter>
    </ClCompile>
    <ClCompile Include="..\Classes\AppDelegate.cpp">
      <Filter>src</Filter>
    </ClCompile>
    <ClCompile Include="..\Classes\HelloWorldScene.cpp">
      <Filter>src</Filter>
    </ClCompile>
    <ClCompile Include="..\Classes\MessageBoxLayer.cpp">
      <Filter>src</Filter>
    </ClCompile>
    <ClCompile Include="..\Classes\stdafx.cpp">
      <Filter>src</Filter>
    </ClCompile>
    <ClCompile Include="..\Classes\CommonTitleLayer.cpp">
      <Filter>src</Filter>
    </ClCompile>
    <ClCompile Include="..\..\librf\librf\event.cpp">
      <Filter>librf</Filter>
    </ClCompile>
    <ClCompile Include="..\..\librf\librf\mutex.cpp">
      <Filter>librf</Filter>
    </ClCompile>
    <ClCompile Include="..\..\librf\librf\rf_task.cpp">
      <Filter>librf</Filter>
    </ClCompile>
    <ClCompile Include="..\..\librf\librf\scheduler.cpp">
      <Filter>librf</Filter>
    </ClCompile>
    <ClCompile Include="..\..\librf\librf\sleep.cpp">
      <Filter>librf</Filter>
    </ClCompile>
    <ClCompile Include="..\..\librf\librf\timer.cpp">
      <Filter>librf</Filter>
    </ClCompile>
  </ItemGroup>
  <ItemGroup>
    <ClInclude Include="..\Classes\AppDelegate.h">
      <Filter>src</Filter>
    </ClInclude>
    <ClInclude Include="..\Classes\HelloWorldScene.h">
      <Filter>src</Filter>
    </ClInclude>
    <ClInclude Include="..\Classes\MessageBoxLayer.h">
      <Filter>src</Filter>
    </ClInclude>
    <ClInclude Include="..\Classes\stdafx.h">
      <Filter>src</Filter>
    </ClInclude>
    <ClInclude Include="..\Classes\CommonTitleLayer.h">
      <Filter>src</Filter>
    </ClInclude>
    <ClInclude Include="..\..\librf\librf\_awaker.h">
      <Filter>librf</Filter>
    </ClInclude>
    <ClInclude Include="..\..\librf\librf\awaituv.h">
      <Filter>librf</Filter>
    </ClInclude>
    <ClInclude Include="..\..\librf\librf\channel.h">
      <Filter>librf</Filter>
    </ClInclude>
    <ClInclude Include="..\..\librf\librf\def.h">
      <Filter>librf</Filter>
    </ClInclude>
    <ClInclude Include="..\..\librf\librf\event.h">
      <Filter>librf</Filter>
    </ClInclude>
    <ClInclude Include="..\..\librf\librf\future.h">
      <Filter>librf</Filter>
    </ClInclude>
    <ClInclude Include="..\..\librf\librf\generator.h">
      <Filter>librf</Filter>
    </ClInclude>
    <ClInclude Include="..\..\librf\librf\mutex.h">
      <Filter>librf</Filter>
    </ClInclude>
    <ClInclude Include="..\..\librf\librf\rf_task.h">
      <Filter>librf</Filter>
    </ClInclude>
    <ClInclude Include="..\..\librf\librf\scheduler.h">
      <Filter>librf</Filter>
    </ClInclude>
    <ClInclude Include="..\..\librf\librf\sleep.h">
      <Filter>librf</Filter>
    </ClInclude>
    <ClInclude Include="..\..\librf\librf\spinlock.h">
      <Filter>librf</Filter>
    </ClInclude>
    <ClInclude Include="..\..\librf\librf\state.h">
      <Filter>librf</Filter>
    </ClInclude>
    <ClInclude Include="..\..\librf\librf\timer.h">
      <Filter>librf</Filter>
    </ClInclude>
    <ClInclude Include="..\..\librf\librf\utils.h">
      <Filter>librf</Filter>
    </ClInclude>
  </ItemGroup>
  <ItemGroup>
    <ResourceCompile Include="game.rc">
      <Filter>resource</Filter>
    </ResourceCompile>
  </ItemGroup>
  <ItemGroup>
    <None Include="..\Classes\seek_widget_helper.inl">
      <Filter>src</Filter>
    </None>
  </ItemGroup>
</Project>